
Microsoft Visual Studio Solution File, Format Version 12.00
# Visual Studio Version 16
VisualStudioVersion = 16.0.32630.194
MinimumVisualStudioVersion = 10.0.40219.1
Project("{8BC9CEB8-8B4A-11D0-8D11-00A0C91BC942}") = "Cpp1_3", "Cpp1_3\Cpp1_3.vcxproj", "{9277455A-251A-42EC-BAC2-21A90085DDF5}"
EndProject
Project("{8BC9CEB8-8B4A-11D0-8D11-00A0C91BC942}") = "Cpp1_4", "Cpp1_4\Cpp1_4.vcxproj", "{09A185B7-091A-4501-B006-8CE918031630}"
EndProject
Project("{8BC9CEB8-8B4A-11D0-8D11-00A0C91BC942}") = "Cpp3_1", "Cpp3_1\Cpp3_1.vcxproj", "{17C56AB5-1ED3-4C84-9885-4F30C2A9B15C}"
EndProject
Project("{8BC9CEB8-8B4A-11D0-8D11-00A0C91BC942}") = "Cpp3_2", "Cpp3_@\Cpp3_@.vcxproj", "{80B4B255-8B3B-4DCB-989C-A60C245451E8}"
EndProject
Project("{8BC9CEB8-8B4A-11D0-8D11-00A0C91BC942}") = "Cpp3_3", "Cpp3_3\Cpp3_3.vcxproj", "{60D766D2-338C-4BFC-B954-DEA39BB03DEF}"
EndProject
Project("{8BC9CEB8-8B4A-11D0-8D11-00A0C91BC942}") = "Cpp3_4", "Cpp3_4\Cpp3_4.vcxproj", "{9935ADA0-35DF-415E-B5D4-D205938EF70B}"
EndProject
Project("{8BC9CEB8-8B4A-11D0-8D11-00A0C91BC942}") = "Cpp4_1", "Cpp4_1\Cpp4_1.vcxproj", "{8DDF1E3A-263E-4A5F-A638-6A83FF08061C}"
EndProject
Project("{8BC9CEB8-8B4A-11D0-8D11-00A0C91BC942}") = "Cpp4_2", "Cpp4_2\Cpp4_2.vcxproj", "{6DAE454C-29F6-4BC1-A07B-A86C08707831}"
EndProject
Project("{8BC9CEB8-8B4A-11D0-8D11-00A0C91BC942}") = "Cpp4_3", "Cpp4_3\Cpp4_3.vcxproj", "{78E0778D-43C6-4133-A99D-06BF76CE92ED}"
EndProject
Project("{8BC9CEB8-8B4A-11D0-8D11-00A0C91BC942}") = "Cpp5_3", "Cpp5_3\Cpp5_3.vcxproj", "{B0B34433-3A3D-45D9-ADC7-3AFB195FDCCF}"
EndProject
Project("{8BC9CEB8-8B4A-11D0-8D11-00A0C91BC942}") = "Cpp5_4", "Cpp5_4\Cpp5_4.vcxproj", "{5A966290-A972-4CBB-80D9-F473624A0C6A}"
EndProject
Project("{8BC9CEB8-8B4A-11D0-8D11-00A0C91BC942}") = "Cpp5_6", "Cpp5_6\Cpp5_6.vcxproj", "{1B98E7A4-68B3-461E-B31E-BC9EFC846E62}"
EndProject
Project("{8BC9CEB8-8B4A-11D0-8D11-00A0C91BC942}") = "Cpp6_3_문자열", "Cpp6_3_문자열\Cpp6_3_문자열.vcxproj", "{C5B7F719-A6E0-4614-91D0-CA5C24D3B0C3}"
EndProject
Project("{8BC9CEB8-8B4A-11D0-8D11-00A0C91BC942}") = "Cpp6_5_구조체", "Cpp6_5_구조체\Cpp6_5_구조체.vcxproj", "{2D42BB72-DB6B-405B-8EE7-80C2CE0A6A18}"
EndProject
Project("{8BC9CEB8-8B4A-11D0-8D11-00A0C91BC942}") = "Cpp7_1_포인터기본", "Cpp7_1\Cpp7_1.vcxproj", "{8F68A290-57C8-4F36-A618-7134506FE7D4}"
EndProject
Project("{8BC9CEB8-8B4A-11D0-8D11-00A0C91BC942}") = "Cpp7_2_포인터와 배열과의 관계", "Cpp7_2\Cpp7_2.vcxproj", "{F3C8DA35-CE92-4512-98E5-BE809607CE75}"
EndProject
Project("{8BC9CEB8-8B4A-11D0-8D11-00A0C91BC942}") = "Cpp7_3_포인터와 문자열과의 관계", "Cpp7_3\Cpp7_3.vcxproj", "{E9249C50-1B5E-4C5D-970D-FD72B5A97230}"
EndProject
Project("{8BC9CEB8-8B4A-11D0-8D11-00A0C91BC942}") = "Cpp7_4_동적할당", "Cpp7_4_동적할당\Cpp7_4_동적할당.vcxproj", "{7BFA04CE-4A9D-4C3A-8844-BA63860C7B87}"
EndProject
Global
	GlobalSection(SolutionConfigurationPlatforms) = preSolution
		Debug|x64 = Debug|x64
		Debug|x86 = Debug|x86
		Release|x64 = Release|x64
		Release|x86 = Release|x86
	EndGlobalSection
	GlobalSection(ProjectConfigurationPlatforms) = postSolution
		{9277455A-251A-42EC-BAC2-21A90085DDF5}.Debug|x64.ActiveCfg = Debug|x64
		{9277455A-251A-42EC-BAC2-21A90085DDF5}.Debug|x64.Build.0 = Debug|x64
		{9277455A-251A-42EC-BAC2-21A90085DDF5}.Debug|x86.ActiveCfg = Debug|Win32
		{9277455A-251A-42EC-BAC2-21A90085DDF5}.Debug|x86.Build.0 = Debug|Win32
		{9277455A-251A-42EC-BAC2-21A90085DDF5}.Release|x64.ActiveCfg = Release|x64
		{9277455A-251A-42EC-BAC2-21A90085DDF5}.Release|x64.Build.0 = Release|x64
		{9277455A-251A-42EC-BAC2-21A90085DDF5}.Release|x86.ActiveCfg = Release|Win32
		{9277455A-251A-42EC-BAC2-21A90085DDF5}.Release|x86.Build.0 = Release|Win32
		{09A185B7-091A-4501-B006-8CE918031630}.Debug|x64.ActiveCfg = Debug|x64
		{09A185B7-091A-4501-B006-8CE918031630}.Debug|x64.Build.0 = Debug|x64
		{09A185B7-091A-4501-B006-8CE918031630}.Debug|x86.ActiveCfg = Debug|Win32
		{09A185B7-091A-4501-B006-8CE918031630}.Debug|x86.Build.0 = Debug|Win32
		{09A185B7-091A-4501-B006-8CE918031630}.Release|x64.ActiveCfg = Release|x64
		{09A185B7-091A-4501-B006-8CE918031630}.Release|x64.Build.0 = Release|x64
		{09A185B7-091A-4501-B006-8CE918031630}.Release|x86.ActiveCfg = Release|Win32
		{09A185B7-091A-4501-B006-8CE918031630}.Release|x86.Build.0 = Release|Win32
		{17C56AB5-1ED3-4C84-9885-4F30C2A9B15C}.Debug|x64.ActiveCfg = Debug|x64
		{17C56AB5-1ED3-4C84-9885-4F30C2A9B15C}.Debug|x64.Build.0 = Debug|x64
		{17C56AB5-1ED3-4C84-9885-4F30C2A9B15C}.Debug|x86.ActiveCfg = Debug|Win32
		{17C56AB5-1ED3-4C84-9885-4F30C2A9B15C}.Debug|x86.Build.0 = Debug|Win32
		{17C56AB5-1ED3-4C84-9885-4F30C2A9B15C}.Release|x64.ActiveCfg = Release|x64
		{17C56AB5-1ED3-4C84-9885-4F30C2A9B15C}.Release|x64.Build.0 = Release|x64
		{17C56AB5-1ED3-4C84-9885-4F30C2A9B15C}.Release|x86.ActiveCfg = Release|Win32
		{17C56AB5-1ED3-4C84-9885-4F30C2A9B15C}.Release|x86.Build.0 = Release|Win32
		{80B4B255-8B3B-4DCB-989C-A60C245451E8}.Debug|x64.ActiveCfg = Debug|x64
		{80B4B255-8B3B-4DCB-989C-A60C245451E8}.Debug|x64.Build.0 = Debug|x64
		{80B4B255-8B3B-4DCB-989C-A60C245451E8}.Debug|x86.ActiveCfg = Debug|Win32
		{80B4B255-8B3B-4DCB-989C-A60C245451E8}.Debug|x86.Build.0 = Debug|Win32
		{80B4B255-8B3B-4DCB-989C-A60C245451E8}.Release|x64.ActiveCfg = Release|x64
		{80B4B255-8B3B-4DCB-989C-A60C245451E8}.Release|x64.Build.0 = Release|x64
		{80B4B255-8B3B-4DCB-989C-A60C245451E8}.Release|x86.ActiveCfg = Release|Win32
		{80B4B255-8B3B-4DCB-989C-A60C245451E8}.Release|x86.Build.0 = Release|Win32
		{60D766D2-338C-4BFC-B954-DEA39BB03DEF}.Debug|x64.ActiveCfg = Debug|x64
		{60D766D2-338C-4BFC-B954-DEA39BB03DEF}.Debug|x64.Build.0 = Debug|x64
		{60D766D2-338C-4BFC-B954-DEA39BB03DEF}.Debug|x86.ActiveCfg = Debug|Win32
		{60D766D2-338C-4BFC-B954-DEA39BB03DEF}.Debug|x86.Build.0 = Debug|Win32
		{60D766D2-338C-4BFC-B954-DEA39BB03DEF}.Release|x64.ActiveCfg = Release|x64
		{60D766D2-338C-4BFC-B954-DEA39BB03DEF}.Release|x64.Build.0 = Release|x64
		{60D766D2-338C-4BFC-B954-DEA39BB03DEF}.Release|x86.ActiveCfg = Release|Win32
		{60D766D2-338C-4BFC-B954-DEA39BB03DEF}.Release|x86.Build.0 = Release|Win32
		{9935ADA0-35DF-415E-B5D4-D205938EF70B}.Debug|x64.ActiveCfg = Debug|x64
		{9935ADA0-35DF-415E-B5D4-D205938EF70B}.Debug|x64.Build.0 = Debug|x64
		{9935ADA0-35DF-415E-B5D4-D205938EF70B}.Debug|x86.ActiveCfg = Debug|Win32
		{9935ADA0-35DF-415E-B5D4-D205938EF70B}.Debug|x86.Build.0 = Debug|Win32
		{9935ADA0-35DF-415E-B5D4-D205938EF70B}.Release|x64.ActiveCfg = Release|x64
		{9935ADA0-35DF-415E-B5D4-D205938EF70B}.Release|x64.Build.0 = Release|x64
		{9935ADA0-35DF-415E-B5D4-D205938EF70B}.Release|x86.ActiveCfg = Release|Win32
		{9935ADA0-35DF-415E-B5D4-D205938EF70B}.Release|x86.Build.0 = Release|Win32
		{8DDF1E3A-263E-4A5F-A638-6A83FF08061C}.Debug|x64.ActiveCfg = Debug|x64
		{8DDF1E3A-263E-4A5F-A638-6A83FF08061C}.Debug|x64.Build.0 = Debug|x64
		{8DDF1E3A-263E-4A5F-A638-6A83FF08061C}.Debug|x86.ActiveCfg = Debug|Win32
		{8DDF1E3A-263E-4A5F-A638-6A83FF08061C}.Debug|x86.Build.0 = Debug|Win32
		{8DDF1E3A-263E-4A5F-A638-6A83FF08061C}.Release|x64.ActiveCfg = Release|x64
		{8DDF1E3A-263E-4A5F-A638-6A83FF08061C}.Release|x64.Build.0 = Release|x64
		{8DDF1E3A-263E-4A5F-A638-6A83FF08061C}.Release|x86.ActiveCfg = Release|Win32
		{8DDF1E3A-263E-4A5F-A638-6A83FF08061C}.Release|x86.Build.0 = Release|Win32
		{6DAE454C-29F6-4BC1-A07B-A86C08707831}.Debug|x64.ActiveCfg = Debug|x64
		{6DAE454C-29F6-4BC1-A07B-A86C08707831}.Debug|x64.Build.0 = Debug|x64
		{6DAE454C-29F6-4BC1-A07B-A86C08707831}.Debug|x86.ActiveCfg = Debug|Win32
		{6DAE454C-29F6-4BC1-A07B-A86C08707831}.Debug|x86.Build.0 = Debug|Win32
		{6DAE454C-29F6-4BC1-A07B-A86C08707831}.Release|x64.ActiveCfg = Release|x64
		{6DAE454C-29F6-4BC1-A07B-A86C08707831}.Release|x64.Build.0 = Release|x64
		{6DAE454C-29F6-4BC1-A07B-A86C08707831}.Release|x86.ActiveCfg = Release|Win32
		{6DAE454C-29F6-4BC1-A07B-A86C08707831}.Release|x86.Build.0 = Release|Win32
		{78E0778D-43C6-4133-A99D-06BF76CE92ED}.Debug|x64.ActiveCfg = Debug|x64
		{78E0778D-43C6-4133-A99D-06BF76CE92ED}.Debug|x64.Build.0 = Debug|x64
		{78E0778D-43C6-4133-A99D-06BF76CE92ED}.Debug|x86.ActiveCfg = Debug|Win32
		{78E0778D-43C6-4133-A99D-06BF76CE92ED}.Debug|x86.Build.0 = Debug|Win32
		{78E0778D-43C6-4133-A99D-06BF76CE92ED}.Release|x64.ActiveCfg = Release|x64
		{78E0778D-43C6-4133-A99D-06BF76CE92ED}.Release|x64.Build.0 = Release|x64
		{78E0778D-43C6-4133-A99D-06BF76CE92ED}.Release|x86.ActiveCfg = Release|Win32
		{78E0778D-43C6-4133-A99D-06BF76CE92ED}.Release|x86.Build.0 = Release|Win32
		{B0B34433-3A3D-45D9-ADC7-3AFB195FDCCF}.Debug|x64.ActiveCfg = Debug|x64
		{B0B34433-3A3D-45D9-ADC7-3AFB195FDCCF}.Debug|x64.Build.0 = Debug|x64
		{B0B34433-3A3D-45D9-ADC7-3AFB195FDCCF}.Debug|x86.ActiveCfg = Debug|Win32
		{B0B34433-3A3D-45D9-ADC7-3AFB195FDCCF}.Debug|x86.Build.0 = Debug|Win32
		{B0B34433-3A3D-45D9-ADC7-3AFB195FDCCF}.Release|x64.ActiveCfg = Release|x64
		{B0B34433-3A3D-45D9-ADC7-3AFB195FDCCF}.Release|x64.Build.0 = Release|x64
		{B0B34433-3A3D-45D9-ADC7-3AFB195FDCCF}.Release|x86.ActiveCfg = Release|Win32
		{B0B34433-3A3D-45D9-ADC7-3AFB195FDCCF}.Release|x86.Build.0 = Release|Win32
		{5A966290-A972-4CBB-80D9-F473624A0C6A}.Debug|x64.ActiveCfg = Debug|x64
		{5A966290-A972-4CBB-80D9-F473624A0C6A}.Debug|x64.Build.0 = Debug|x64
		{5A966290-A972-4CBB-80D9-F473624A0C6A}.Debug|x86.ActiveCfg = Debug|Win32
		{5A966290-A972-4CBB-80D9-F473624A0C6A}.Debug|x86.Build.0 = Debug|Win32
		{5A966290-A972-4CBB-80D9-F473624A0C6A}.Release|x64.ActiveCfg = Release|x64
		{5A966290-A972-4CBB-80D9-F473624A0C6A}.Release|x64.Build.0 = Release|x64
		{5A966290-A972-4CBB-80D9-F473624A0C6A}.Release|x86.ActiveCfg = Release|Win32
		{5A966290-A972-4CBB-80D9-F473624A0C6A}.Release|x86.Build.0 = Release|Win32
		{1B98E7A4-68B3-461E-B31E-BC9EFC846E62}.Debug|x64.ActiveCfg = Debug|x64
		{1B98E7A4-68B3-461E-B31E-BC9EFC846E62}.Debug|x64.Build.0 = Debug|x64
		{1B98E7A4-68B3-461E-B31E-BC9EFC846E62}.Debug|x86.ActiveCfg = Debug|Win32
		{1B98E7A4-68B3-461E-B31E-BC9EFC846E62}.Debug|x86.Build.0 = Debug|Win32
		{1B98E7A4-68B3-461E-B31E-BC9EFC846E62}.Release|x64.ActiveCfg = Release|x64
		{1B98E7A4-68B3-461E-B31E-BC9EFC846E62}.Release|x64.Build.0 = Release|x64
		{1B98E7A4-68B3-461E-B31E-BC9EFC846E62}.Release|x86.ActiveCfg = Release|Win32
		{1B98E7A4-68B3-461E-B31E-BC9EFC846E62}.Release|x86.Build.0 = Release|Win32
		{C5B7F719-A6E0-4614-91D0-CA5C24D3B0C3}.Debug|x64.ActiveCfg = Debug|x64
		{C5B7F719-A6E0-4614-91D0-CA5C24D3B0C3}.Debug|x64.Build.0 = Debug|x64
		{C5B7F719-A6E0-4614-91D0-CA5C24D3B0C3}.Debug|x86.ActiveCfg = Debug|Win32
		{C5B7F719-A6E0-4614-91D0-CA5C24D3B0C3}.Debug|x86.Build.0 = Debug|Win32
		{C5B7F719-A6E0-4614-91D0-CA5C24D3B0C3}.Release|x64.ActiveCfg = Release|x64
		{C5B7F719-A6E0-4614-91D0-CA5C24D3B0C3}.Release|x64.Build.0 = Release|x64
		{C5B7F719-A6E0-4614-91D0-CA5C24D3B0C3}.Release|x86.ActiveCfg = Release|Win32
		{C5B7F719-A6E0-4614-91D0-CA5C24D3B0C3}.Release|x86.Build.0 = Release|Win32
		{2D42BB72-DB6B-405B-8EE7-80C2CE0A6A18}.Debug|x64.ActiveCfg = Debug|x64
		{2D42BB72-DB6B-405B-8EE7-80C2CE0A6A18}.Debug|x64.Build.0 = Debug|x64
		{2D42BB72-DB6B-405B-8EE7-80C2CE0A6A18}.Debug|x86.ActiveCfg = Debug|Win32
		{2D42BB72-DB6B-405B-8EE7-80C2CE0A6A18}.Debug|x86.Build.0 = Debug|Win32
		{2D42BB72-DB6B-405B-8EE7-80C2CE0A6A18}.Release|x64.ActiveCfg = Release|x64
		{2D42BB72-DB6B-405B-8EE7-80C2CE0A6A18}.Release|x64.Build.0 = Release|x64
		{2D42BB72-DB6B-405B-8EE7-80C2CE0A6A18}.Release|x86.ActiveCfg = Release|Win32
		{2D42BB72-DB6B-405B-8EE7-80C2CE0A6A18}.Release|x86.Build.0 = Release|Win32
		{8F68A290-57C8-4F36-A618-7134506FE7D4}.Debug|x64.ActiveCfg = Debug|x64
		{8F68A290-57C8-4F36-A618-7134506FE7D4}.Debug|x64.Build.0 = Debug|x64
		{8F68A290-57C8-4F36-A618-7134506FE7D4}.Debug|x86.ActiveCfg = Debug|Win32
		{8F68A290-57C8-4F36-A618-7134506FE7D4}.Debug|x86.Build.0 = Debug|Win32
		{8F68A290-57C8-4F36-A618-7134506FE7D4}.Release|x64.ActiveCfg = Release|x64
		{8F68A290-57C8-4F36-A618-7134506FE7D4}.Release|x64.Build.0 = Release|x64
		{8F68A290-57C8-4F36-A618-7134506FE7D4}.Release|x86.ActiveCfg = Release|Win32
		{8F68A290-57C8-4F36-A618-7134506FE7D4}.Release|x86.Build.0 = Release|Win32
		{F3C8DA35-CE92-4512-98E5-BE809607CE75}.Debug|x64.ActiveCfg = Debug|x64
		{F3C8DA35-CE92-4512-98E5-BE809607CE75}.Debug|x64.Build.0 = Debug|x64
		{F3C8DA35-CE92-4512-98E5-BE809607CE75}.Debug|x86.ActiveCfg = Debug|Win32
		{F3C8DA35-CE92-4512-98E5-BE809607CE75}.Debug|x86.Build.0 = Debug|Win32
		{F3C8DA35-CE92-4512-98E5-BE809607CE75}.Release|x64.ActiveCfg = Release|x64
		{F3C8DA35-CE92-4512-98E5-BE809607CE75}.Release|x64.Build.0 = Release|x64
		{F3C8DA35-CE92-4512-98E5-BE809607CE75}.Release|x86.ActiveCfg = Release|Win32
		{F3C8DA35-CE92-4512-98E5-BE809607CE75}.Release|x86.Build.0 = Release|Win32
		{E9249C50-1B5E-4C5D-970D-FD72B5A97230}.Debug|x64.ActiveCfg = Debug|x64
		{E9249C50-1B5E-4C5D-970D-FD72B5A97230}.Debug|x64.Build.0 = Debug|x64
		{E9249C50-1B5E-4C5D-970D-FD72B5A97230}.Debug|x86.ActiveCfg = Debug|Win32
		{E9249C50-1B5E-4C5D-970D-FD72B5A97230}.Debug|x86.Build.0 = Debug|Win32
		{E9249C50-1B5E-4C5D-970D-FD72B5A97230}.Release|x64.ActiveCfg = Release|x64
		{E9249C50-1B5E-4C5D-970D-FD72B5A97230}.Release|x64.Build.0 = Release|x64
		{E9249C50-1B5E-4C5D-970D-FD72B5A97230}.Release|x86.ActiveCfg = Release|Win32
		{E9249C50-1B5E-4C5D-970D-FD72B5A97230}.Release|x86.Build.0 = Release|Win32
		{7BFA04CE-4A9D-4C3A-8844-BA63860C7B87}.Debug|x64.ActiveCfg = Debug|x64
		{7BFA04CE-4A9D-4C3A-8844-BA63860C7B87}.Debug|x64.Build.0 = Debug|x64
		{7BFA04CE-4A9D-4C3A-8844-BA63860C7B87}.Debug|x86.ActiveCfg = Debug|Win32
		{7BFA04CE-4A9D-4C3A-8844-BA63860C7B87}.Debug|x86.Build.0 = Debug|Win32
		{7BFA04CE-4A9D-4C3A-8844-BA63860C7B87}.Release|x64.ActiveCfg = Release|x64
		{7BFA04CE-4A9D-4C3A-8844-BA63860C7B87}.Release|x64.Build.0 = Release|x64
		{7BFA04CE-4A9D-4C3A-8844-BA63860C7B87}.Release|x86.ActiveCfg = Release|Win32
		{7BFA04CE-4A9D-4C3A-8844-BA63860C7B87}.Release|x86.Build.0 = Release|Win32
	EndGlobalSection
	GlobalSection(SolutionProperties) = preSolution
		HideSolutionNode = FALSE
	EndGlobalSection
	GlobalSection(ExtensibilityGlobals) = postSolution
		SolutionGuid = {38B45BD7-D4AD-44C1-A409-DF40B405DD03}
	EndGlobalSection
EndGlobal
